# THIS IS AN AUTOGENERATED FILE. DO NOT EDIT THIS FILE DIRECTLY.
# yarn lockfile v1


noble-bls12-381@^0.6.1:
  version "0.6.1"
  resolved "https://registry.yarnpkg.com/noble-bls12-381/-/noble-bls12-381-0.6.1.tgz#b44bb5443b4b5c409723f19a8288155f0b3ad126"
  integrity sha512-Dt0lq24ez75HqOqNIsxxbzfY7YOuwArtE3H6Clp1XbwnY4Ga1OjFbTaXq5aDBE3+ab1wLK11s0b3yR3+RiWWqw==
